
Microsoft Visual Studio Solution File, Format Version 12.00
# Visual Studio 14
VisualStudioVersion = 14.0.25420.1
MinimumVisualStudioVersion = 10.0.40219.1
Project("{FAE04EC0-301F-11D3-BF4B-00C04F79EFBC}") = "CSharpClientSwiss", "CSharpClientSwiss\CSharpClientSwiss.csproj", "{89B3DCAC-233C-434A-9658-03E27C7CFB5A}"
EndProject
Project("{FAE04EC0-301F-11D3-BF4B-00C04F79EFBC}") = "CSharpClientSwissTests", "CSharpClientSwissTests\CSharpClientSwissTests.csproj", "{01FFECA7-A0D0-4748-BFE2-4A72EF648835}"
EndProject
Project("{FAE04EC0-301F-11D3-BF4B-00C04F79EFBC}") = "CSharpClientSwissChess", "CSharpClientSwissChess\CSharpClientSwissChess.csproj", "{5D7AD898-7A1D-4F5D-98F1-56183B224AEB}"
EndProject
Project("{FAE04EC0-301F-11D3-BF4B-00C04F79EFBC}") = "ChessMastaConnector", "..\client-csharp\ChessMastaConnector\ChessMastaConnector.csproj", "{BEA20222-50A1-4F24-99DF-024A9539278A}"
EndProject
Global
	GlobalSection(SolutionConfigurationPlatforms) = preSolution
		Debug|Any CPU = Debug|Any CPU
		Release|Any CPU = Release|Any CPU
	EndGlobalSection
	GlobalSection(ProjectConfigurationPlatforms) = postSolution
		{89B3DCAC-233C-434A-9658-03E27C7CFB5A}.Debug|Any CPU.ActiveCfg = Debug|Any CPU
		{89B3DCAC-233C-434A-9658-03E27C7CFB5A}.Debug|Any CPU.Build.0 = Debug|Any CPU
		{89B3DCAC-233C-434A-9658-03E27C7CFB5A}.Release|Any CPU.ActiveCfg = Release|Any CPU
		{89B3DCAC-233C-434A-9658-03E27C7CFB5A}.Release|Any CPU.Build.0 = Release|Any CPU
		{01FFECA7-A0D0-4748-BFE2-4A72EF648835}.Debug|Any CPU.ActiveCfg = Debug|Any CPU
		{01FFECA7-A0D0-4748-BFE2-4A72EF648835}.Debug|Any CPU.Build.0 = Debug|Any CPU
		{01FFECA7-A0D0-4748-BFE2-4A72EF648835}.Release|Any CPU.ActiveCfg = Release|Any CPU
		{01FFECA7-A0D0-4748-BFE2-4A72EF648835}.Release|Any CPU.Build.0 = Release|Any CPU
		{5D7AD898-7A1D-4F5D-98F1-56183B224AEB}.Debug|Any CPU.ActiveCfg = Debug|Any CPU
		{5D7AD898-7A1D-4F5D-98F1-56183B224AEB}.Debug|Any CPU.Build.0 = Debug|Any CPU
		{5D7AD898-7A1D-4F5D-98F1-56183B224AEB}.Release|Any CPU.ActiveCfg = Release|Any CPU
		{5D7AD898-7A1D-4F5D-98F1-56183B224AEB}.Release|Any CPU.Build.0 = Release|Any CPU
		{BEA20222-50A1-4F24-99DF-024A9539278A}.Debug|Any CPU.ActiveCfg = Debug|Any CPU
		{BEA20222-50A1-4F24-99DF-024A9539278A}.Debug|Any CPU.Build.0 = Debug|Any CPU
		{BEA20222-50A1-4F24-99DF-024A9539278A}.Release|Any CPU.ActiveCfg = Release|Any CPU
		{BEA20222-50A1-4F24-99DF-024A9539278A}.Release|Any CPU.Build.0 = Release|Any CPU
	EndGlobalSection
	GlobalSection(SolutionProperties) = preSolution
		HideSolutionNode = FALSE
	EndGlobalSection
EndGlobal
